
Microsoft Visual Studio Solution File, Format Version 12.00
# Visual Studio 2012
Project("{FAE04EC0-301F-11D3-BF4B-00C04F79EFBC}") = "Philosopher", "Philosopher\Philosopher.csproj", "{AFF98F69-4E8B-4BBC-84F2-10A578FFD7CE}"
EndProject
Project("{FAE04EC0-301F-11D3-BF4B-00C04F79EFBC}") = "PhilosopherTest", "PhilosopherTest\PhilosopherTest.csproj", "{9D0206D9-9092-48AD-B1B3-C14180B58E78}"
EndProject
Global
	GlobalSection(SolutionConfigurationPlatforms) = preSolution
		Debug|Any CPU = Debug|Any CPU
		Release|Any CPU = Release|Any CPU
	EndGlobalSection
	GlobalSection(ProjectConfigurationPlatforms) = postSolution
		{AFF98F69-4E8B-4BBC-84F2-10A578FFD7CE}.Debug|Any CPU.ActiveCfg = Debug|Any CPU
		{AFF98F69-4E8B-4BBC-84F2-10A578FFD7CE}.Debug|Any CPU.Build.0 = Debug|Any CPU
		{AFF98F69-4E8B-4BBC-84F2-10A578FFD7CE}.Release|Any CPU.ActiveCfg = Release|Any CPU
		{AFF98F69-4E8B-4BBC-84F2-10A578FFD7CE}.Release|Any CPU.Build.0 = Release|Any CPU
		{9D0206D9-9092-48AD-B1B3-C14180B58E78}.Debug|Any CPU.ActiveCfg = Debug|Any CPU
		{9D0206D9-9092-48AD-B1B3-C14180B58E78}.Debug|Any CPU.Build.0 = Debug|Any CPU
		{9D0206D9-9092-48AD-B1B3-C14180B58E78}.Release|Any CPU.ActiveCfg = Release|Any CPU
		{9D0206D9-9092-48AD-B1B3-C14180B58E78}.Release|Any CPU.Build.0 = Release|Any CPU
	EndGlobalSection
EndGlobal
